<?xml version="1.0" encoding="utf-8"?>
<Project ToolsVersion="4.0" xmlns="http://schemas.microsoft.com/developer/msbuild/2003">
  <ItemGroup>
    <Filter Include="Source Files">
      <UniqueIdentifier>{4FC737F1-C7A5-4376-A066-2A32D752A2FF}</UniqueIdentifier>
      <Extensions>cpp;c;cc;cxx;def;odl;idl;hpj;bat;asm;asmx</Extensions>
    </Filter>
    <Filter Include="Header Files">
      <UniqueIdentifier>{93995380-89BD-4b04-88EB-625FBE52EBFB}</UniqueIdentifier>
      <Extensions>h;hh;hpp;hxx;hm;inl;inc;xsd</Extensions>
    </Filter>
    <Filter Include="Resource Files">
      <UniqueIdentifier>{67DA6AB6-F800-4c08-8B7A-83BB121AAD01}</UniqueIdentifier>
      <Extensions>rc;ico;cur;bmp;dlg;rc2;rct;bin;rgs;gif;jpg;jpeg;jpe;resx;tiff;tif;png;wav;mfcribbon-ms</Extensions>
    </Filter>
    <Filter Include="Header Files\Common">
      <UniqueIdentifier>{9701c301-924d-4d5c-b416-cd732563ef25}</UniqueIdentifier>
    </Filter>
    <Filter Include="Header Files\Model">
      <UniqueIdentifier>{7d5fb612-a21c-4737-a128-bbfd03471bba}</UniqueIdentifier>
    </Filter>
    <Filter Include="Header Files\Training">
      <UniqueIdentifier>{769701a9-b572-45ac-9d07-f2c1dc6ed06f}</UniqueIdentifier>
    </Filter>
    <Filter Include="Source Files\Common">
      <UniqueIdentifier>{91a6d885-df40-425e-bd20-74d1360052be}</UniqueIdentifier>
    </Filter>
    <Filter Include="Source Files\Model">
      <UniqueIdentifier>{8ed02d22-38ac-423b-8848-ecb0e4b17799}</UniqueIdentifier>
    </Filter>
    <Filter Include="Source Files\Training">
      <UniqueIdentifier>{d60c2a77-cb33-4de5-831c-662978a31d55}</UniqueIdentifier>
    </Filter>
    <Filter Include="Header Files\Initialization">
      <UniqueIdentifier>{52062415-0147-463e-9034-a69dbefd3fac}</UniqueIdentifier>
    </Filter>
  </ItemGroup>
  <ItemGroup>
    <ClInclude Include="Common\ActivationFunctions.h">
      <Filter>Header Files\Common</Filter>
    </ClInclude>
    <ClInclude Include="Types\Collections.h">
      <Filter>Header Files</Filter>
    </ClInclude>
    <ClInclude Include="Types\Units.h">
      <Filter>Header Files</Filter>
    </ClInclude>
    <ClInclude Include="Initialization\IWeightInitializer.h">
      <Filter>Header Files</Filter>
    </ClInclude>
    <ClInclude Include="Initialization\RandomWeightInitializer.h">
      <Filter>Header Files</Filter>
    </ClInclude>
    <ClInclude Include="Models\KohonenNetwork.h">
      <Filter>Header Files</Filter>
    </ClInclude>
    <ClInclude Include="Models\MultilayerPerceptron.h">
      <Filter>Header Files</Filter>
    </ClInclude>
    <ClInclude Include="Optimization\IWeightOptimizer.h">
      <Filter>Header Files</Filter>
    </ClInclude>
    <ClInclude Include="Optimization\SimulatedAnnealing.h">
      <Filter>Header Files</Filter>
    </ClInclude>
    <ClInclude Include="Training\SupervisedTraining.h">
      <Filter>Header Files</Filter>
    </ClInclude>
    <ClInclude Include="Training\TrainingErrorState.h">
      <Filter>Header Files</Filter>
    </ClInclude>
    <ClInclude Include="Common\IBase.h">
      <Filter>Header Files</Filter>
    </ClInclude>
    <ClInclude Include="Optimization\Backpropagation.h">
      <Filter>Header Files</Filter>
    </ClInclude>
    <ClInclude Include="Optimization\ConjugateGradient.h">
      <Filter>Header Files</Filter>
    </ClInclude>
    <ClInclude Include="pch.h">
      <Filter>Header Files</Filter>
    </ClInclude>
    <ClInclude Include="Training\ITrainingAlgorithm.h">
      <Filter>Header Files</Filter>
    </ClInclude>
    <ClInclude Include="Models\IFeedforwardNetwork.h">
      <Filter>Header Files</Filter>
    </ClInclude>
    <ClInclude Include="Common\InterfaceHelpers.h">
      <Filter>Header Files</Filter>
    </ClInclude>
    <ClInclude Include="Models\FeedforwardNetworkBase.h">
      <Filter>Header Files</Filter>
    </ClInclude>
  </ItemGroup>
  <ItemGroup>
    <ClCompile Include="Initialization\RandomWeightInitializer.cpp">
      <Filter>Source Files</Filter>
    </ClCompile>
    <ClCompile Include="Models\KohonenNetwork.cpp">
      <Filter>Source Files</Filter>
    </ClCompile>
    <ClCompile Include="Models\MultilayerPerceptron.cpp">
      <Filter>Source Files</Filter>
    </ClCompile>
    <ClCompile Include="Optimization\SimulatedAnnealing.cpp">
      <Filter>Source Files</Filter>
    </ClCompile>
    <ClCompile Include="Training\SupervisedTraining.cpp">
      <Filter>Source Files</Filter>
    </ClCompile>
    <ClCompile Include="Training\TrainingErrorState.cpp">
      <Filter>Source Files</Filter>
    </ClCompile>
    <ClCompile Include="Optimization\Backpropagation.cpp">
      <Filter>Source Files</Filter>
    </ClCompile>
    <ClCompile Include="Optimization\ConjugateGradient.cpp">
      <Filter>Source Files</Filter>
    </ClCompile>
    <ClCompile Include="pch.cpp">
      <Filter>Source Files</Filter>
    </ClCompile>
    <ClCompile Include="Models\FeedforwardNetworkBase.cpp">
      <Filter>Source Files</Filter>
    </ClCompile>
  </ItemGroup>
</Project>